
Microsoft Visual Studio Solution File, Format Version 12.00
# Visual Studio Version 16
VisualStudioVersion = 16.0.31613.86
MinimumVisualStudioVersion = 10.0.40219.1
Project("{FAE04EC0-301F-11D3-BF4B-00C04F79EFBC}") = "Dev-Assuncao.AppSite", "src\Dev-Assuncao.AppSite\Dev-Assuncao.AppSite.csproj", "{535E373E-9C89-4367-99B3-BB6C1C4532FF}"
EndProject
Global
	GlobalSection(SolutionConfigurationPlatforms) = preSolution
		Debug|Any CPU = Debug|Any CPU
		Release|Any CPU = Release|Any CPU
	EndGlobalSection
	GlobalSection(ProjectConfigurationPlatforms) = postSolution
		{535E373E-9C89-4367-99B3-BB6C1C4532FF}.Debug|Any CPU.ActiveCfg = Debug|Any CPU
		{535E373E-9C89-4367-99B3-BB6C1C4532FF}.Debug|Any CPU.Build.0 = Debug|Any CPU
		{535E373E-9C89-4367-99B3-BB6C1C4532FF}.Release|Any CPU.ActiveCfg = Release|Any CPU
		{535E373E-9C89-4367-99B3-BB6C1C4532FF}.Release|Any CPU.Build.0 = Release|Any CPU
	EndGlobalSection
	GlobalSection(SolutionProperties) = preSolution
		HideSolutionNode = FALSE
	EndGlobalSection
	GlobalSection(ExtensibilityGlobals) = postSolution
		SolutionGuid = {92A9E0EF-84B5-46D8-8413-F9139151E0AB}
	EndGlobalSection
EndGlobal
